<?xml version="1.0" encoding="utf-8"?>
<Project ToolsVersion="4.0" xmlns="http://schemas.microsoft.com/developer/msbuild/2003">
  <ItemGroup>
    <Filter Include="dynamicLoad">
      <UniqueIdentifier>{09ed977c-4d8d-402d-bc3a-e5ef9cfb4e39}</UniqueIdentifier>
    </Filter>
  </ItemGroup>
  <ItemGroup>
    <ClCompile Include="dynamicLoad\jDynamicLoad.cpp">
      <Filter>dynamicLoad</Filter>
    </ClCompile>
    <ClCompile Include="Source.cpp" />
  </ItemGroup>
  <ItemGroup>
    <ClInclude Include="dynamicLoad\jDynamicLoad.h">
      <Filter>dynamicLoad</Filter>
    </ClInclude>
    <ClInclude Include="Activator.h" />
  </ItemGroup>
</Project>