
Microsoft Visual Studio Solution File, Format Version 12.00
# Visual Studio 15
VisualStudioVersion = 15.0.28010.0
MinimumVisualStudioVersion = 10.0.40219.1
Project("{8BC9CEB8-8B4A-11D0-8D11-00A0C91BC942}") = "AbstractDLL", "AbstractDLL\AbstractDLL.vcxproj", "{4E47076E-9774-47C1-A836-FD0536C4F365}"
EndProject
Project("{2150E333-8FDC-42A3-9474-1A3956D46DE8}") = "COM System", "COM System", "{D877D010-923F-44AC-A91E-9F3C139A99E7}"
EndProject
Project("{2150E333-8FDC-42A3-9474-1A3956D46DE8}") = "Modules", "Modules", "{DEC89F2B-02CB-4CF8-BB2B-86C258465F44}"
EndProject
Project("{8BC9CEB8-8B4A-11D0-8D11-00A0C91BC942}") = "module1", "module1\module1.vcxproj", "{1CF343DF-D222-4935-AEAB-ADC881080F49}"
EndProject
Project("{8BC9CEB8-8B4A-11D0-8D11-00A0C91BC942}") = "module2", "module2\module2.vcxproj", "{4D7BE8E3-244A-4B75-9899-4BAF9BDF6407}"
EndProject
Project("{8BC9CEB8-8B4A-11D0-8D11-00A0C91BC942}") = "GeneralProgram", "GeneralProgram\GeneralProgram.vcxproj", "{59B98F25-CC23-442F-B7E3-35159339118F}"
EndProject
Project("{2150E333-8FDC-42A3-9474-1A3956D46DE8}") = "DLL", "DLL", "{D18F764F-5D9D-4398-A6B5-A8C1A98434FA}"
EndProject
Project("{8BC9CEB8-8B4A-11D0-8D11-00A0C91BC942}") = "simpleDLL", "simpleDLL\simpleDLL.vcxproj", "{548C8141-0EBB-40D5-81DE-C4BEB2CE3CF0}"
EndProject
Global
	GlobalSection(SolutionConfigurationPlatforms) = preSolution
		Debug|x64 = Debug|x64
		Debug|x86 = Debug|x86
		Release|x64 = Release|x64
		Release|x86 = Release|x86
	EndGlobalSection
	GlobalSection(ProjectConfigurationPlatforms) = postSolution
		{4E47076E-9774-47C1-A836-FD0536C4F365}.Debug|x64.ActiveCfg = Debug|x64
		{4E47076E-9774-47C1-A836-FD0536C4F365}.Debug|x64.Build.0 = Debug|x64
		{4E47076E-9774-47C1-A836-FD0536C4F365}.Debug|x86.ActiveCfg = Debug|Win32
		{4E47076E-9774-47C1-A836-FD0536C4F365}.Debug|x86.Build.0 = Debug|Win32
		{4E47076E-9774-47C1-A836-FD0536C4F365}.Release|x64.ActiveCfg = Release|x64
		{4E47076E-9774-47C1-A836-FD0536C4F365}.Release|x64.Build.0 = Release|x64
		{4E47076E-9774-47C1-A836-FD0536C4F365}.Release|x86.ActiveCfg = Release|Win32
		{4E47076E-9774-47C1-A836-FD0536C4F365}.Release|x86.Build.0 = Release|Win32
		{1CF343DF-D222-4935-AEAB-ADC881080F49}.Debug|x64.ActiveCfg = Debug|x64
		{1CF343DF-D222-4935-AEAB-ADC881080F49}.Debug|x64.Build.0 = Debug|x64
		{1CF343DF-D222-4935-AEAB-ADC881080F49}.Debug|x86.ActiveCfg = Debug|Win32
		{1CF343DF-D222-4935-AEAB-ADC881080F49}.Debug|x86.Build.0 = Debug|Win32
		{1CF343DF-D222-4935-AEAB-ADC881080F49}.Release|x64.ActiveCfg = Release|x64
		{1CF343DF-D222-4935-AEAB-ADC881080F49}.Release|x64.Build.0 = Release|x64
		{1CF343DF-D222-4935-AEAB-ADC881080F49}.Release|x86.ActiveCfg = Release|Win32
		{1CF343DF-D222-4935-AEAB-ADC881080F49}.Release|x86.Build.0 = Release|Win32
		{4D7BE8E3-244A-4B75-9899-4BAF9BDF6407}.Debug|x64.ActiveCfg = Debug|x64
		{4D7BE8E3-244A-4B75-9899-4BAF9BDF6407}.Debug|x64.Build.0 = Debug|x64
		{4D7BE8E3-244A-4B75-9899-4BAF9BDF6407}.Debug|x86.ActiveCfg = Debug|Win32
		{4D7BE8E3-244A-4B75-9899-4BAF9BDF6407}.Debug|x86.Build.0 = Debug|Win32
		{4D7BE8E3-244A-4B75-9899-4BAF9BDF6407}.Release|x64.ActiveCfg = Release|x64
		{4D7BE8E3-244A-4B75-9899-4BAF9BDF6407}.Release|x64.Build.0 = Release|x64
		{4D7BE8E3-244A-4B75-9899-4BAF9BDF6407}.Release|x86.ActiveCfg = Release|Win32
		{4D7BE8E3-244A-4B75-9899-4BAF9BDF6407}.Release|x86.Build.0 = Release|Win32
		{59B98F25-CC23-442F-B7E3-35159339118F}.Debug|x64.ActiveCfg = Debug|x64
		{59B98F25-CC23-442F-B7E3-35159339118F}.Debug|x64.Build.0 = Debug|x64
		{59B98F25-CC23-442F-B7E3-35159339118F}.Debug|x86.ActiveCfg = Debug|Win32
		{59B98F25-CC23-442F-B7E3-35159339118F}.Debug|x86.Build.0 = Debug|Win32
		{59B98F25-CC23-442F-B7E3-35159339118F}.Release|x64.ActiveCfg = Release|x64
		{59B98F25-CC23-442F-B7E3-35159339118F}.Release|x64.Build.0 = Release|x64
		{59B98F25-CC23-442F-B7E3-35159339118F}.Release|x86.ActiveCfg = Release|Win32
		{59B98F25-CC23-442F-B7E3-35159339118F}.Release|x86.Build.0 = Release|Win32
		{548C8141-0EBB-40D5-81DE-C4BEB2CE3CF0}.Debug|x64.ActiveCfg = Debug|x64
		{548C8141-0EBB-40D5-81DE-C4BEB2CE3CF0}.Debug|x64.Build.0 = Debug|x64
		{548C8141-0EBB-40D5-81DE-C4BEB2CE3CF0}.Debug|x86.ActiveCfg = Debug|Win32
		{548C8141-0EBB-40D5-81DE-C4BEB2CE3CF0}.Debug|x86.Build.0 = Debug|Win32
		{548C8141-0EBB-40D5-81DE-C4BEB2CE3CF0}.Release|x64.ActiveCfg = Release|x64
		{548C8141-0EBB-40D5-81DE-C4BEB2CE3CF0}.Release|x64.Build.0 = Release|x64
		{548C8141-0EBB-40D5-81DE-C4BEB2CE3CF0}.Release|x86.ActiveCfg = Release|Win32
		{548C8141-0EBB-40D5-81DE-C4BEB2CE3CF0}.Release|x86.Build.0 = Release|Win32
	EndGlobalSection
	GlobalSection(SolutionProperties) = preSolution
		HideSolutionNode = FALSE
	EndGlobalSection
	GlobalSection(NestedProjects) = preSolution
		{4E47076E-9774-47C1-A836-FD0536C4F365} = {D18F764F-5D9D-4398-A6B5-A8C1A98434FA}
		{DEC89F2B-02CB-4CF8-BB2B-86C258465F44} = {D18F764F-5D9D-4398-A6B5-A8C1A98434FA}
		{1CF343DF-D222-4935-AEAB-ADC881080F49} = {DEC89F2B-02CB-4CF8-BB2B-86C258465F44}
		{4D7BE8E3-244A-4B75-9899-4BAF9BDF6407} = {DEC89F2B-02CB-4CF8-BB2B-86C258465F44}
		{59B98F25-CC23-442F-B7E3-35159339118F} = {D877D010-923F-44AC-A91E-9F3C139A99E7}
		{D18F764F-5D9D-4398-A6B5-A8C1A98434FA} = {D877D010-923F-44AC-A91E-9F3C139A99E7}
		{548C8141-0EBB-40D5-81DE-C4BEB2CE3CF0} = {D18F764F-5D9D-4398-A6B5-A8C1A98434FA}
	EndGlobalSection
	GlobalSection(ExtensibilityGlobals) = postSolution
		SolutionGuid = {EE21ED0F-4719-4932-B3BA-DECA622B1D18}
	EndGlobalSection
EndGlobal
